
Microsoft Visual Studio Solution File, Format Version 9.00
# Visual Studio 2005
Project("{8BC9CEB8-8B4A-11D0-8D11-00A0C91BC942}") = "Launchy", "Launchy\Launchy.vcproj", "{6558DB3A-6C08-41BC-A42B-CA5DF22D07F7}"
EndProject
Project("{54435603-DBB4-11D2-8724-00A0C9A8B90C}") = "Launchy Installer", "Launchy Installer\Launchy Installer\Launchy Installer.vdproj", "{409179AC-DCD3-46C8-9A5B-26DB7526F45F}"
EndProject
Global
	GlobalSection(SolutionConfigurationPlatforms) = preSolution
		Debug|Win32 = Debug|Win32
		Release|Win32 = Release|Win32
	EndGlobalSection
	GlobalSection(ProjectConfigurationPlatforms) = postSolution
		{6558DB3A-6C08-41BC-A42B-CA5DF22D07F7}.Debug|Win32.ActiveCfg = Debug|Win32
		{6558DB3A-6C08-41BC-A42B-CA5DF22D07F7}.Debug|Win32.Build.0 = Debug|Win32
		{6558DB3A-6C08-41BC-A42B-CA5DF22D07F7}.Release|Win32.ActiveCfg = Release|Win32
		{6558DB3A-6C08-41BC-A42B-CA5DF22D07F7}.Release|Win32.Build.0 = Release|Win32
		{409179AC-DCD3-46C8-9A5B-26DB7526F45F}.Debug|Win32.ActiveCfg = Debug
		{409179AC-DCD3-46C8-9A5B-26DB7526F45F}.Debug|Win32.Build.0 = Debug
		{409179AC-DCD3-46C8-9A5B-26DB7526F45F}.Release|Win32.ActiveCfg = Release
		{409179AC-DCD3-46C8-9A5B-26DB7526F45F}.Release|Win32.Build.0 = Release
	EndGlobalSection
	GlobalSection(SolutionProperties) = preSolution
		HideSolutionNode = FALSE
	EndGlobalSection
EndGlobal
