Microsoft Visual Studio Solution File, Format Version 8.00
Project("{8BC9CEB8-8B4A-11D0-8D11-00A0C91BC942}") = "Launchy", "Launchy.vcproj", "{0F712363-FE44-450E-A219-BC25D0B749FE}"
	ProjectSection(ProjectDependencies) = postProject
	EndProjectSection
EndProject
Project("{8BC9CEB8-8B4A-11D0-8D11-00A0C91BC942}") = "Plugin_Calcy", "Plugins\Calcy\Calcy.vcproj", "{BCB8AA16-2406-4953-B77C-BA66EE0C2D82}"
	ProjectSection(ProjectDependencies) = postProject
	EndProjectSection
EndProject
Project("{8BC9CEB8-8B4A-11D0-8D11-00A0C91BC942}") = "Plugin_Explory", "Plugins\Explory\Explory.vcproj", "{BCB8AA16-2406-4953-B77C-BA66EE0C2D82}"
	ProjectSection(ProjectDependencies) = postProject
	EndProjectSection
EndProject
Project("{8BC9CEB8-8B4A-11D0-8D11-00A0C91BC942}") = "Plugin_Weby", "Plugins\Weby\Weby.vcproj", "{BCB8AA16-2406-4953-B77C-BA66EE0C2D82}"
	ProjectSection(ProjectDependencies) = postProject
	EndProjectSection
EndProject
Project("{8BC9CEB8-8B4A-11D0-8D11-00A0C91BC942}") = "Plugin_Foxy", "Plugins\Foxy\Foxy.vcproj", "{0A276360-1311-4DB9-8759-5209219A091E}"
	ProjectSection(ProjectDependencies) = postProject
	EndProjectSection
EndProject
Project("{8BC9CEB8-8B4A-11D0-8D11-00A0C91BC942}") = "Plugin_Wordy", "Plugins\Wordy\Wordy.vcproj", "{BCB8AA16-2406-4953-B77C-BA66EE0C2D82}"
	ProjectSection(ProjectDependencies) = postProject
	EndProjectSection
EndProject
Global
	GlobalSection(SolutionConfiguration) = preSolution
		Debug = Debug
		Release = Release
	EndGlobalSection
	GlobalSection(ProjectConfiguration) = postSolution
		{0F712363-FE44-450E-A219-BC25D0B749FE}.Debug.ActiveCfg = Debug|Win32
		{0F712363-FE44-450E-A219-BC25D0B749FE}.Debug.Build.0 = Debug|Win32
		{0F712363-FE44-450E-A219-BC25D0B749FE}.Release.ActiveCfg = Release|Win32
		{0F712363-FE44-450E-A219-BC25D0B749FE}.Release.Build.0 = Release|Win32
		{BCB8AA16-2406-4953-B77C-BA66EE0C2D82}.Debug.ActiveCfg = Debug|Win32
		{BCB8AA16-2406-4953-B77C-BA66EE0C2D82}.Debug.Build.0 = Debug|Win32
		{BCB8AA16-2406-4953-B77C-BA66EE0C2D82}.Release.ActiveCfg = Release|Win32
		{BCB8AA16-2406-4953-B77C-BA66EE0C2D82}.Release.Build.0 = Release|Win32
		{BCB8AA16-2406-4953-B77C-BA66EE0C2D82}.Debug.ActiveCfg = Debug|Win32
		{BCB8AA16-2406-4953-B77C-BA66EE0C2D82}.Debug.Build.0 = Debug|Win32
		{BCB8AA16-2406-4953-B77C-BA66EE0C2D82}.Release.ActiveCfg = Release|Win32
		{BCB8AA16-2406-4953-B77C-BA66EE0C2D82}.Release.Build.0 = Release|Win32
		{BCB8AA16-2406-4953-B77C-BA66EE0C2D82}.Debug.ActiveCfg = Debug|Win32
		{BCB8AA16-2406-4953-B77C-BA66EE0C2D82}.Debug.Build.0 = Debug|Win32
		{BCB8AA16-2406-4953-B77C-BA66EE0C2D82}.Release.ActiveCfg = Release|Win32
		{BCB8AA16-2406-4953-B77C-BA66EE0C2D82}.Release.Build.0 = Release|Win32
		{0A276360-1311-4DB9-8759-5209219A091E}.Debug.ActiveCfg = Debug|Win32
		{0A276360-1311-4DB9-8759-5209219A091E}.Debug.Build.0 = Debug|Win32
		{0A276360-1311-4DB9-8759-5209219A091E}.Release.ActiveCfg = Release|Win32
		{0A276360-1311-4DB9-8759-5209219A091E}.Release.Build.0 = Release|Win32
		{BCB8AA16-2406-4953-B77C-BA66EE0C2D82}.Debug.ActiveCfg = Debug|Win32
		{BCB8AA16-2406-4953-B77C-BA66EE0C2D82}.Debug.Build.0 = Debug|Win32
		{BCB8AA16-2406-4953-B77C-BA66EE0C2D82}.Release.ActiveCfg = Release|Win32
		{BCB8AA16-2406-4953-B77C-BA66EE0C2D82}.Release.Build.0 = Release|Win32
	EndGlobalSection
	GlobalSection(ExtensibilityGlobals) = postSolution
	EndGlobalSection
	GlobalSection(ExtensibilityAddIns) = postSolution
	EndGlobalSection
EndGlobal
