Microsoft Visual Studio Solution File, Format Version 9.00
# Visual Studio 2005
Project("{8BC9CEB8-8B4A-11D0-8D11-00A0C91BC942}") = "Launchy", "Launchy.vcproj", "{DB63F725-9F43-48AE-A254-41A4DEC71AA0}"
EndProject
Project("{8BC9CEB8-8B4A-11D0-8D11-00A0C91BC942}") = "plug_weby", "weby\weby.vcproj", "{4537EEC0-8AF8-4BD3-9A78-4C1A34297045}"
EndProject
Project("{8BC9CEB8-8B4A-11D0-8D11-00A0C91BC942}") = "plug_calcy", "calcy\calcy.vcproj", "{E1BBAB43-BCF7-45DE-843E-F91C92131610}"
EndProject
Project("{8BC9CEB8-8B4A-11D0-8D11-00A0C91BC942}") = "plug_controly", "controly\controly.vcproj", "{E03E4829-E43C-4843-BEAA-905C3186F277}"
EndProject
Project("{8BC9CEB8-8B4A-11D0-8D11-00A0C91BC942}") = "plug_runner", "runner\runner.vcproj", "{809B4524-7A79-43FE-B3CF-F67A16FD3803}"
EndProject
Project("{2150E333-8FDC-42A3-9474-1A3956D46DE8}") = "Plugins", "Plugins", "{1F2DCBE1-0DDA-4643-882F-D46D964F2264}"
EndProject
Project("{8BC9CEB8-8B4A-11D0-8D11-00A0C91BC942}") = "plug_winshell", "winshell\winshell.vcproj", "{7E13C272-561A-4022-B991-E24BF57686D2}"
EndProject
Project("{8BC9CEB8-8B4A-11D0-8D11-00A0C91BC942}") = "win", "..\platforms\win\win.vcproj", "{E8D4049F-8453-4609-9F5E-66D6E254A618}"
EndProject
Project("{8BC9CEB8-8B4A-11D0-8D11-00A0C91BC942}") = "plug_gcalc", "gcalc\gcalc.vcproj", "{2B674BCD-7C3C-4996-ACDB-43900A5652C4}"
EndProject
Project("{8BC9CEB8-8B4A-11D0-8D11-00A0C91BC942}") = "plug_loader", "loader\loader.vcproj", "{C511DA04-FD9A-4A09-85EA-301DA3BD8924}"
EndProject
Global
	GlobalSection(SolutionConfigurationPlatforms) = preSolution
		Debug|Win32 = Debug|Win32
		Release|Win32 = Release|Win32
	EndGlobalSection
	GlobalSection(ProjectConfigurationPlatforms) = postSolution
		{DB63F725-9F43-48AE-A254-41A4DEC71AA0}.Debug|Win32.ActiveCfg = Debug|Win32
		{DB63F725-9F43-48AE-A254-41A4DEC71AA0}.Debug|Win32.Build.0 = Debug|Win32
		{DB63F725-9F43-48AE-A254-41A4DEC71AA0}.Release|Win32.ActiveCfg = Release|Win32
		{DB63F725-9F43-48AE-A254-41A4DEC71AA0}.Release|Win32.Build.0 = Release|Win32
		{4537EEC0-8AF8-4BD3-9A78-4C1A34297045}.Debug|Win32.ActiveCfg = Debug|Win32
		{4537EEC0-8AF8-4BD3-9A78-4C1A34297045}.Debug|Win32.Build.0 = Debug|Win32
		{4537EEC0-8AF8-4BD3-9A78-4C1A34297045}.Release|Win32.ActiveCfg = Release|Win32
		{4537EEC0-8AF8-4BD3-9A78-4C1A34297045}.Release|Win32.Build.0 = Release|Win32
		{E1BBAB43-BCF7-45DE-843E-F91C92131610}.Debug|Win32.ActiveCfg = Debug|Win32
		{E1BBAB43-BCF7-45DE-843E-F91C92131610}.Debug|Win32.Build.0 = Debug|Win32
		{E1BBAB43-BCF7-45DE-843E-F91C92131610}.Release|Win32.ActiveCfg = Release|Win32
		{E1BBAB43-BCF7-45DE-843E-F91C92131610}.Release|Win32.Build.0 = Release|Win32
		{E03E4829-E43C-4843-BEAA-905C3186F277}.Debug|Win32.ActiveCfg = Debug|Win32
		{E03E4829-E43C-4843-BEAA-905C3186F277}.Debug|Win32.Build.0 = Debug|Win32
		{E03E4829-E43C-4843-BEAA-905C3186F277}.Release|Win32.ActiveCfg = Release|Win32
		{E03E4829-E43C-4843-BEAA-905C3186F277}.Release|Win32.Build.0 = Release|Win32
		{809B4524-7A79-43FE-B3CF-F67A16FD3803}.Debug|Win32.ActiveCfg = Debug|Win32
		{809B4524-7A79-43FE-B3CF-F67A16FD3803}.Debug|Win32.Build.0 = Debug|Win32
		{809B4524-7A79-43FE-B3CF-F67A16FD3803}.Release|Win32.ActiveCfg = Release|Win32
		{809B4524-7A79-43FE-B3CF-F67A16FD3803}.Release|Win32.Build.0 = Release|Win32
		{7E13C272-561A-4022-B991-E24BF57686D2}.Debug|Win32.ActiveCfg = Debug|Win32
		{7E13C272-561A-4022-B991-E24BF57686D2}.Debug|Win32.Build.0 = Debug|Win32
		{7E13C272-561A-4022-B991-E24BF57686D2}.Release|Win32.ActiveCfg = Release|Win32
		{7E13C272-561A-4022-B991-E24BF57686D2}.Release|Win32.Build.0 = Release|Win32
		{E8D4049F-8453-4609-9F5E-66D6E254A618}.Debug|Win32.ActiveCfg = Debug|Win32
		{E8D4049F-8453-4609-9F5E-66D6E254A618}.Debug|Win32.Build.0 = Debug|Win32
		{E8D4049F-8453-4609-9F5E-66D6E254A618}.Release|Win32.ActiveCfg = Release|Win32
		{E8D4049F-8453-4609-9F5E-66D6E254A618}.Release|Win32.Build.0 = Release|Win32
		{2B674BCD-7C3C-4996-ACDB-43900A5652C4}.Debug|Win32.ActiveCfg = Debug|Win32
		{2B674BCD-7C3C-4996-ACDB-43900A5652C4}.Debug|Win32.Build.0 = Debug|Win32
		{2B674BCD-7C3C-4996-ACDB-43900A5652C4}.Release|Win32.ActiveCfg = Release|Win32
		{2B674BCD-7C3C-4996-ACDB-43900A5652C4}.Release|Win32.Build.0 = Release|Win32
		{C511DA04-FD9A-4A09-85EA-301DA3BD8924}.Debug|Win32.ActiveCfg = Debug|Win32
		{C511DA04-FD9A-4A09-85EA-301DA3BD8924}.Debug|Win32.Build.0 = Debug|Win32
		{C511DA04-FD9A-4A09-85EA-301DA3BD8924}.Release|Win32.ActiveCfg = Release|Win32
		{C511DA04-FD9A-4A09-85EA-301DA3BD8924}.Release|Win32.Build.0 = Release|Win32
	EndGlobalSection
	GlobalSection(SolutionProperties) = preSolution
		HideSolutionNode = FALSE
	EndGlobalSection
	GlobalSection(NestedProjects) = preSolution
		{E1BBAB43-BCF7-45DE-843E-F91C92131610} = {1F2DCBE1-0DDA-4643-882F-D46D964F2264}
		{E03E4829-E43C-4843-BEAA-905C3186F277} = {1F2DCBE1-0DDA-4643-882F-D46D964F2264}
		{809B4524-7A79-43FE-B3CF-F67A16FD3803} = {1F2DCBE1-0DDA-4643-882F-D46D964F2264}
		{4537EEC0-8AF8-4BD3-9A78-4C1A34297045} = {1F2DCBE1-0DDA-4643-882F-D46D964F2264}
		{7E13C272-561A-4022-B991-E24BF57686D2} = {1F2DCBE1-0DDA-4643-882F-D46D964F2264}
		{2B674BCD-7C3C-4996-ACDB-43900A5652C4} = {1F2DCBE1-0DDA-4643-882F-D46D964F2264}
		{C511DA04-FD9A-4A09-85EA-301DA3BD8924} = {1F2DCBE1-0DDA-4643-882F-D46D964F2264}
	EndGlobalSection
EndGlobal
