Microsoft Visual Studio Solution File, Format Version 9.00
# Visual Studio 2005
Project("{8BC9CEB8-8B4A-11D0-8D11-00A0C91BC942}") = "Launchy", "Launchy.vcproj", "{0F712363-FE44-450E-A219-BC25D0B749FE}"
EndProject
Project("{8BC9CEB8-8B4A-11D0-8D11-00A0C91BC942}") = "Plugin_Calcy", "Plugins\Calcy\Calcy.vcproj", "{BCB8AA16-2406-4953-B77C-BA66EE0C2D82}"
EndProject
Project("{8BC9CEB8-8B4A-11D0-8D11-00A0C91BC942}") = "Plugin_Explory", "Plugins\Explory\Explory.vcproj", "{522A0B1D-D513-432C-A080-AE2F479F538D}"
EndProject
Project("{8BC9CEB8-8B4A-11D0-8D11-00A0C91BC942}") = "Plugin_Weby", "Plugins\Weby\Weby.vcproj", "{C44810F1-13FD-4359-9BCE-59A67C4EF856}"
EndProject
Project("{8BC9CEB8-8B4A-11D0-8D11-00A0C91BC942}") = "Plugin_Foxy", "Plugins\Foxy\Foxy.vcproj", "{0A276360-1311-4DB9-8759-5209219A091E}"
EndProject
Project("{8BC9CEB8-8B4A-11D0-8D11-00A0C91BC942}") = "Plugin_Runny", "Plugins\Runny\Runny.vcproj", "{1E3089EF-BAEA-44E7-8AF3-5E9EC6DD2020}"
EndProject
Project("{8BC9CEB8-8B4A-11D0-8D11-00A0C91BC942}") = "Plugin_Controly", "Plugins\Controly\Controly.vcproj", "{D83F69A7-9D2A-42DF-977C-E1535DF99919}"
EndProject
Global
	GlobalSection(SolutionConfigurationPlatforms) = preSolution
		Debug|Win32 = Debug|Win32
		Release|Win32 = Release|Win32
	EndGlobalSection
	GlobalSection(ProjectConfigurationPlatforms) = postSolution
		{0F712363-FE44-450E-A219-BC25D0B749FE}.Debug|Win32.ActiveCfg = Debug|Win32
		{0F712363-FE44-450E-A219-BC25D0B749FE}.Debug|Win32.Build.0 = Debug|Win32
		{0F712363-FE44-450E-A219-BC25D0B749FE}.Release|Win32.ActiveCfg = Release|Win32
		{0F712363-FE44-450E-A219-BC25D0B749FE}.Release|Win32.Build.0 = Release|Win32
		{BCB8AA16-2406-4953-B77C-BA66EE0C2D82}.Debug|Win32.ActiveCfg = Debug|Win32
		{BCB8AA16-2406-4953-B77C-BA66EE0C2D82}.Debug|Win32.Build.0 = Debug|Win32
		{BCB8AA16-2406-4953-B77C-BA66EE0C2D82}.Release|Win32.ActiveCfg = Release|Win32
		{BCB8AA16-2406-4953-B77C-BA66EE0C2D82}.Release|Win32.Build.0 = Release|Win32
		{522A0B1D-D513-432C-A080-AE2F479F538D}.Debug|Win32.ActiveCfg = Debug|Win32
		{522A0B1D-D513-432C-A080-AE2F479F538D}.Release|Win32.ActiveCfg = Release|Win32
		{522A0B1D-D513-432C-A080-AE2F479F538D}.Release|Win32.Build.0 = Release|Win32
		{C44810F1-13FD-4359-9BCE-59A67C4EF856}.Debug|Win32.ActiveCfg = Debug|Win32
		{C44810F1-13FD-4359-9BCE-59A67C4EF856}.Release|Win32.ActiveCfg = Release|Win32
		{C44810F1-13FD-4359-9BCE-59A67C4EF856}.Release|Win32.Build.0 = Release|Win32
		{0A276360-1311-4DB9-8759-5209219A091E}.Debug|Win32.ActiveCfg = Debug|Win32
		{0A276360-1311-4DB9-8759-5209219A091E}.Debug|Win32.Build.0 = Debug|Win32
		{0A276360-1311-4DB9-8759-5209219A091E}.Release|Win32.ActiveCfg = Release|Win32
		{0A276360-1311-4DB9-8759-5209219A091E}.Release|Win32.Build.0 = Release|Win32
		{1E3089EF-BAEA-44E7-8AF3-5E9EC6DD2020}.Debug|Win32.ActiveCfg = Debug|Win32
		{1E3089EF-BAEA-44E7-8AF3-5E9EC6DD2020}.Release|Win32.ActiveCfg = Release|Win32
		{1E3089EF-BAEA-44E7-8AF3-5E9EC6DD2020}.Release|Win32.Build.0 = Release|Win32
		{D83F69A7-9D2A-42DF-977C-E1535DF99919}.Debug|Win32.ActiveCfg = Debug|Win32
		{D83F69A7-9D2A-42DF-977C-E1535DF99919}.Release|Win32.ActiveCfg = Release|Win32
		{D83F69A7-9D2A-42DF-977C-E1535DF99919}.Release|Win32.Build.0 = Release|Win32
	EndGlobalSection
	GlobalSection(SolutionProperties) = preSolution
		HideSolutionNode = FALSE
	EndGlobalSection
EndGlobal
